{
  "version": 4,
  "terraform_version": "1.9.2",
  "serial": 14,
  "lineage": "ff38870c-3b20-03c6-822d-d66b6ed71e8d",
  "outputs": {
    "vm_ip": {
      "value": {},
      "type": [
        "object",
        {}
      ]
    },
    "vm_nat_ip": {
      "value": {},
      "type": [
        "object",
        {}
      ]
    }
  },
  "resources": [
    {
      "mode": "managed",
      "type": "yandex_vpc_network",
      "name": "network-1",
      "provider": "provider[\"registry.terraform.io/yandex-cloud/yandex\"]",
      "instances": [
        {
          "schema_version": 0,
          "attributes": {
            "created_at": "2025-06-06T09:56:23Z",
            "default_security_group_id": "enps3j5mk4jab6lopu8t",
            "description": "",
            "folder_id": "b1gaa54ob1jo7toj94uc",
            "id": "enp5hobbgohdbikl6kko",
            "labels": {},
            "name": "network1",
            "subnet_ids": [
              "e2lpsqnkkc408q6iadn8"
            ],
            "timeouts": null
          },
          "sensitive_attributes": [],
          "private": "eyJlMmJmYjczMC1lY2FhLTExZTYtOGY4OC0zNDM2M2JjN2M0YzAiOnsiY3JlYXRlIjo2MDAwMDAwMDAwMCwiZGVsZXRlIjo2MDAwMDAwMDAwMCwidXBkYXRlIjo2MDAwMDAwMDAwMH19"
        }
      ]
    },
    {
      "mode": "managed",
      "type": "yandex_vpc_subnet",
      "name": "subnet-1",
      "provider": "provider[\"registry.terraform.io/yandex-cloud/yandex\"]",
      "instances": [
        {
          "schema_version": 0,
          "attributes": {
            "created_at": "2025-06-06T09:56:26Z",
            "description": "",
            "dhcp_options": [],
            "folder_id": "b1gaa54ob1jo7toj94uc",
            "id": "e2lpsqnkkc408q6iadn8",
            "labels": {},
            "name": "subnet1",
            "network_id": "enp5hobbgohdbikl6kko",
            "route_table_id": "",
            "timeouts": null,
            "v4_cidr_blocks": [
              "192.168.10.0/24"
            ],
            "v6_cidr_blocks": [],
            "zone": "ru-central1-b"
          },
          "sensitive_attributes": [],
          "private": "eyJlMmJmYjczMC1lY2FhLTExZTYtOGY4OC0zNDM2M2JjN2M0YzAiOnsiY3JlYXRlIjoxODAwMDAwMDAwMDAsImRlbGV0ZSI6MTgwMDAwMDAwMDAwLCJ1cGRhdGUiOjE4MDAwMDAwMDAwMH19",
          "dependencies": [
            "yandex_vpc_network.network-1"
          ]
        }
      ]
    }
  ],
  "check_results": null
}
